
Microsoft Visual Studio Solution File, Format Version 12.00
# Visual Studio Express 2013 for Windows Desktop
VisualStudioVersion = 12.0.30501.0
MinimumVisualStudioVersion = 10.0.40219.1
Project("{FAE04EC0-301F-11D3-BF4B-00C04F79EFBC}") = "T", "T\T.csproj", "{438D28FE-1F6B-41BF-98FB-D0F18D19B434}"
EndProject
Project("{FAE04EC0-301F-11D3-BF4B-00C04F79EFBC}") = "TWPF", "TWPF\TWPF.csproj", "{435CFECE-DC11-4185-A80C-F2620D1ADA20}"
EndProject
Project("{FAE04EC0-301F-11D3-BF4B-00C04F79EFBC}") = "TWPF45", "TWPF45\TWPF45.csproj", "{BA7FC020-4F8F-4BEE-B0B9-EAE3635514A3}"
EndProject
Project("{FAE04EC0-301F-11D3-BF4B-00C04F79EFBC}") = "Xceed.Wpf.Toolkit", "Xceed.Wpf.Toolkit\Xceed.Wpf.Toolkit.csproj", "{72E591D6-8F83-4D8C-8F67-9C325E623234}"
EndProject
Project("{FAE04EC0-301F-11D3-BF4B-00C04F79EFBC}") = "MahApps.Metro.Resources", "MahApps.Metro.Resources\MahApps.Metro.Resources.csproj", "{E708AC99-605B-42A0-8D20-ABCA8FE42DD2}"
EndProject
Global
	GlobalSection(SolutionConfigurationPlatforms) = preSolution
		Debug|Any CPU = Debug|Any CPU
		Release|Any CPU = Release|Any CPU
	EndGlobalSection
	GlobalSection(ProjectConfigurationPlatforms) = postSolution
		{438D28FE-1F6B-41BF-98FB-D0F18D19B434}.Debug|Any CPU.ActiveCfg = Debug|Any CPU
		{438D28FE-1F6B-41BF-98FB-D0F18D19B434}.Debug|Any CPU.Build.0 = Debug|Any CPU
		{438D28FE-1F6B-41BF-98FB-D0F18D19B434}.Release|Any CPU.ActiveCfg = Release|Any CPU
		{438D28FE-1F6B-41BF-98FB-D0F18D19B434}.Release|Any CPU.Build.0 = Release|Any CPU
		{435CFECE-DC11-4185-A80C-F2620D1ADA20}.Debug|Any CPU.ActiveCfg = Debug|Any CPU
		{435CFECE-DC11-4185-A80C-F2620D1ADA20}.Debug|Any CPU.Build.0 = Debug|Any CPU
		{435CFECE-DC11-4185-A80C-F2620D1ADA20}.Release|Any CPU.ActiveCfg = Release|Any CPU
		{435CFECE-DC11-4185-A80C-F2620D1ADA20}.Release|Any CPU.Build.0 = Release|Any CPU
		{BA7FC020-4F8F-4BEE-B0B9-EAE3635514A3}.Debug|Any CPU.ActiveCfg = Debug|Any CPU
		{BA7FC020-4F8F-4BEE-B0B9-EAE3635514A3}.Debug|Any CPU.Build.0 = Debug|Any CPU
		{BA7FC020-4F8F-4BEE-B0B9-EAE3635514A3}.Release|Any CPU.ActiveCfg = Release|Any CPU
		{BA7FC020-4F8F-4BEE-B0B9-EAE3635514A3}.Release|Any CPU.Build.0 = Release|Any CPU
		{72E591D6-8F83-4D8C-8F67-9C325E623234}.Debug|Any CPU.ActiveCfg = Debug|Any CPU
		{72E591D6-8F83-4D8C-8F67-9C325E623234}.Debug|Any CPU.Build.0 = Debug|Any CPU
		{72E591D6-8F83-4D8C-8F67-9C325E623234}.Release|Any CPU.ActiveCfg = Release|Any CPU
		{72E591D6-8F83-4D8C-8F67-9C325E623234}.Release|Any CPU.Build.0 = Release|Any CPU
		{E708AC99-605B-42A0-8D20-ABCA8FE42DD2}.Debug|Any CPU.ActiveCfg = Debug|Any CPU
		{E708AC99-605B-42A0-8D20-ABCA8FE42DD2}.Debug|Any CPU.Build.0 = Debug|Any CPU
		{E708AC99-605B-42A0-8D20-ABCA8FE42DD2}.Release|Any CPU.ActiveCfg = Release|Any CPU
		{E708AC99-605B-42A0-8D20-ABCA8FE42DD2}.Release|Any CPU.Build.0 = Release|Any CPU
	EndGlobalSection
	GlobalSection(SolutionProperties) = preSolution
		HideSolutionNode = FALSE
	EndGlobalSection
EndGlobal
